
Microsoft Visual Studio Solution File, Format Version 12.00
# Visual Studio Version 17
VisualStudioVersion = 17.3.32804.467
MinimumVisualStudioVersion = 10.0.40219.1
Project("{9A19103F-16F7-4668-BE54-9A1E7A4F7556}") = "Rover", "Rover\Rover.csproj", "{8BE1ED4B-E785-48BB-806D-D519EFEDE095}"
EndProject
Project("{FAE04EC0-301F-11D3-BF4B-00C04F79EFBC}") = "Rover.Tests", "Rover.Tests\Rover.Tests.csproj", "{1239ADE7-AB16-4628-BB15-288D0BA869E3}"
EndProject
Global
	GlobalSection(SolutionConfigurationPlatforms) = preSolution
		Debug|Any CPU = Debug|Any CPU
		Release|Any CPU = Release|Any CPU
	EndGlobalSection
	GlobalSection(ProjectConfigurationPlatforms) = postSolution
		{8BE1ED4B-E785-48BB-806D-D519EFEDE095}.Debug|Any CPU.ActiveCfg = Debug|Any CPU
		{8BE1ED4B-E785-48BB-806D-D519EFEDE095}.Debug|Any CPU.Build.0 = Debug|Any CPU
		{8BE1ED4B-E785-48BB-806D-D519EFEDE095}.Release|Any CPU.ActiveCfg = Release|Any CPU
		{8BE1ED4B-E785-48BB-806D-D519EFEDE095}.Release|Any CPU.Build.0 = Release|Any CPU
		{1239ADE7-AB16-4628-BB15-288D0BA869E3}.Debug|Any CPU.ActiveCfg = Debug|Any CPU
		{1239ADE7-AB16-4628-BB15-288D0BA869E3}.Debug|Any CPU.Build.0 = Debug|Any CPU
		{1239ADE7-AB16-4628-BB15-288D0BA869E3}.Release|Any CPU.ActiveCfg = Release|Any CPU
		{1239ADE7-AB16-4628-BB15-288D0BA869E3}.Release|Any CPU.Build.0 = Release|Any CPU
	EndGlobalSection
	GlobalSection(SolutionProperties) = preSolution
		HideSolutionNode = FALSE
	EndGlobalSection
	GlobalSection(ExtensibilityGlobals) = postSolution
		SolutionGuid = {3CB86EA3-72AB-4CBC-92D9-D279EDAACF3B}
	EndGlobalSection
EndGlobal
